# Generated by pub
# See https://dart.dev/tools/pub/glossary#lockfile
packages:
  adaptive_dialog:
    dependency: "direct main"
    description:
      name: adaptive_dialog
      sha256: "665e90c9eecdbf0aa953a9e1fce5da6c8db3d3357c450262b9c534a54e939119"
      url: "https://pub.dev"
    source: hosted
    version: "1.8.3"
  animations:
    dependency: transitive
    description:
      name: animations
      sha256: fe8a6bdca435f718bb1dc8a11661b2c22504c6da40ef934cee8327ed77934164
      url: "https://pub.dev"
    source: hosted
    version: "2.0.7"
  args:
    dependency: transitive
    description:
      name: args
      sha256: "4cab82a83ffef80b262ddedf47a0a8e56ee6fbf7fe21e6e768b02792034dd440"
      url: "https://pub.dev"
    source: hosted
    version: "2.4.0"
  asn1lib:
    dependency: transitive
    description:
      name: asn1lib
      sha256: ab96a1cb3beeccf8145c52e449233fe68364c9641623acd3adad66f8184f1039
      url: "https://pub.dev"
    source: hosted
    version: "1.4.0"
  async:
    dependency: transitive
    description:
      name: async
      sha256: bfe67ef28df125b7dddcea62755991f807aa39a2492a23e1550161692950bbe0
      url: "https://pub.dev"
    source: hosted
    version: "2.10.0"
  boolean_selector:
    dependency: transitive
    description:
      name: boolean_selector
      sha256: "6cfb5af12253eaf2b368f07bacc5a80d1301a071c73360d746b7f2e32d762c66"
      url: "https://pub.dev"
    source: hosted
    version: "2.1.1"
  carousel_indicator:
    dependency: "direct main"
    description:
      name: carousel_indicator
      sha256: "93019cfd05b40051663b92866d5037d98e7dffb005f6c8227c079d7e00ef152b"
      url: "https://pub.dev"
    source: hosted
    version: "1.0.6"
  carousel_slider:
    dependency: "direct main"
    description:
      name: carousel_slider
      sha256: "9c695cc963bf1d04a47bd6021f68befce8970bcd61d24938e1fb0918cf5d9c42"
      url: "https://pub.dev"
    source: hosted
    version: "4.2.1"
  characters:
    dependency: transitive
    description:
      name: characters
      sha256: e6a326c8af69605aec75ed6c187d06b349707a27fbff8222ca9cc2cff167975c
      url: "https://pub.dev"
    source: hosted
    version: "1.2.1"
  clock:
    dependency: transitive
    description:
      name: clock
      sha256: cb6d7f03e1de671e34607e909a7213e31d7752be4fb66a86d29fe1eb14bfb5cf
      url: "https://pub.dev"
    source: hosted
    version: "1.1.1"
  collection:
    dependency: transitive
    description:
      name: collection
      sha256: cfc915e6923fe5ce6e153b0723c753045de46de1b4d63771530504004a45fae0
      url: "https://pub.dev"
    source: hosted
    version: "1.17.0"
  convert:
    dependency: transitive
    description:
      name: convert
      sha256: "0f08b14755d163f6e2134cb58222dd25ea2a2ee8a195e53983d57c075324d592"
      url: "https://pub.dev"
    source: hosted
    version: "3.1.1"
  cross_file:
    dependency: transitive
    description:
      name: cross_file
      sha256: "0b0036e8cccbfbe0555fd83c1d31a6f30b77a96b598b35a5d36dd41f718695e9"
      url: "https://pub.dev"
    source: hosted
    version: "0.3.3+4"
  crypto:
    dependency: transitive
    description:
      name: crypto
      sha256: aa274aa7774f8964e4f4f38cc994db7b6158dd36e9187aaceaddc994b35c6c67
      url: "https://pub.dev"
    source: hosted
    version: "3.0.2"
  cupertino_icons:
    dependency: "direct main"
    description:
      name: cupertino_icons
      sha256: e35129dc44c9118cee2a5603506d823bab99c68393879edb440e0090d07586be
      url: "https://pub.dev"
    source: hosted
    version: "1.0.5"
  custom_radio_grouped_button:
    dependency: "direct main"
    description:
      name: custom_radio_grouped_button
      sha256: efed73fc128ee76d19553861a56ab784dcee91910deba1d6c0c124535ab0c4dd
      url: "https://pub.dev"
    source: hosted
    version: "2.2.0"
  dio:
    dependency: "direct main"
    description:
      name: dio
      sha256: "7d328c4d898a61efc3cd93655a0955858e29a0aa647f0f9e02d59b3bb275e2e8"
      url: "https://pub.dev"
    source: hosted
    version: "4.0.6"
  dropdown_button2:
    dependency: "direct main"
    description:
      name: dropdown_button2
      sha256: "604b87283e251e0e4a0cb1d0fdfa91fd527702b06e80999c4054cecc603e10e7"
      url: "https://pub.dev"
    source: hosted
    version: "1.9.4"
  dynamic_color:
    dependency: transitive
    description:
      name: dynamic_color
      sha256: bbebb1b7ebed819e0ec83d4abdc2a8482d934f6a85289ffc1c6acf7589fa2aad
      url: "https://pub.dev"
    source: hosted
    version: "1.6.3"
  email_validator:
    dependency: "direct main"
    description:
      name: email_validator
      sha256: e9a90f27ab2b915a27d7f9c2a7ddda5dd752d6942616ee83529b686fc086221b
      url: "https://pub.dev"
    source: hosted
    version: "2.1.17"
  encrypt:
    dependency: transitive
    description:
      name: encrypt
      sha256: "4fd4e4fdc21b9d7d4141823e1e6515cd94e7b8d84749504c232999fba25d9bbb"
      url: "https://pub.dev"
    source: hosted
    version: "5.0.1"
  expansion_tile_card:
    dependency: "direct main"
    description:
      name: expansion_tile_card
      sha256: "0812d52e4a2effa4957286b9037c81394e1881ac49bcd8f006f631f2ea5ef6eb"
      url: "https://pub.dev"
    source: hosted
    version: "2.0.0"
  fake_async:
    dependency: transitive
    description:
      name: fake_async
      sha256: "511392330127add0b769b75a987850d136345d9227c6b94c96a04cf4a391bf78"
      url: "https://pub.dev"
    source: hosted
    version: "1.3.1"
  ffi:
    dependency: transitive
    description:
      name: ffi
      sha256: a38574032c5f1dd06c4aee541789906c12ccaab8ba01446e800d9c5b79c4a978
      url: "https://pub.dev"
    source: hosted
    version: "2.0.1"
  file:
    dependency: transitive
    description:
      name: file
      sha256: "1b92bec4fc2a72f59a8e15af5f52cd441e4a7860b49499d69dfa817af20e925d"
      url: "https://pub.dev"
    source: hosted
    version: "6.1.4"
  flutter:
    dependency: "direct main"
    description: flutter
    source: sdk
    version: "0.0.0"
  flutter_image_slideshow:
    dependency: "direct main"
    description:
      name: flutter_image_slideshow
      sha256: "153b097e4f401a8e0bcc9edaf669a2e5814c9866e80165b5f00a06fb2acd7758"
      url: "https://pub.dev"
    source: hosted
    version: "0.1.5"
  flutter_inappwebview:
    dependency: transitive
    description:
      name: flutter_inappwebview
      sha256: f73505c792cf083d5566e1a94002311be497d984b5607f25be36d685cf6361cf
      url: "https://pub.dev"
    source: hosted
    version: "5.7.2+3"
  flutter_joystick:
    dependency: "direct main"
    description:
      name: flutter_joystick
      sha256: "5d718396d2a92f1dd0e4533650828052cc78ef6787be4d72288cbad14f1b43d5"
      url: "https://pub.dev"
    source: hosted
    version: "0.0.3"
  flutter_lints:
    dependency: "direct dev"
    description:
      name: flutter_lints
      sha256: aeb0b80a8b3709709c9cc496cdc027c5b3216796bc0af0ce1007eaf24464fd4c
      url: "https://pub.dev"
    source: hosted
    version: "2.0.1"
  flutter_page_indicator:
    dependency: transitive
    description:
      name: flutter_page_indicator
      sha256: a5b2992228c2827b69faed3977681a3f5c313c7f13d72272decbb2923d1d7176
      url: "https://pub.dev"
    source: hosted
    version: "0.0.3"
  flutter_plugin_android_lifecycle:
    dependency: transitive
    description:
      name: flutter_plugin_android_lifecycle
      sha256: "8ffe990dac54a4a5492747added38571a5ab474c8e5d196809ea08849c69b1bb"
      url: "https://pub.dev"
    source: hosted
    version: "2.0.13"
  flutter_progress_hud:
    dependency: "direct main"
    description:
      name: flutter_progress_hud
      sha256: "19a4889460b7482c5026a936b768996dade4daad8570e8c0493e292d57121dbb"
      url: "https://pub.dev"
    source: hosted
    version: "2.0.2"
  flutter_screenutil:
    dependency: "direct main"
    description:
      name: flutter_screenutil
      sha256: "0a122936b450324cbdfd51be0819cc6fcebb093eb65585e9cd92263f7a1a8a39"
      url: "https://pub.dev"
    source: hosted
    version: "5.7.0"
  flutter_spinkit:
    dependency: "direct main"
    description:
      name: flutter_spinkit
      sha256: "77a2117c0517ff909221f3160b8eb20052ab5216107581168af574ac1f05dff8"
      url: "https://pub.dev"
    source: hosted
    version: "5.1.0"
  flutter_swiper:
    dependency: "direct main"
    description:
      name: flutter_swiper
      sha256: e52a0e894abfa4099a5d4e5098a00597f3b55e25617cdd19e6fe6be5d24858c7
      url: "https://pub.dev"
    source: hosted
    version: "1.1.6"
  flutter_switch:
    dependency: "direct main"
    description:
      name: flutter_switch
      sha256: b91477f926bba135d2d203d7b24367492662d8d9c3aa6adb960b14c1087d3c41
      url: "https://pub.dev"
    source: hosted
    version: "0.3.2"
  flutter_test:
    dependency: "direct dev"
    description: flutter
    source: sdk
    version: "0.0.0"
  flutter_web_plugins:
    dependency: transitive
    description: flutter
    source: sdk
    version: "0.0.0"
  fluttertoast:
    dependency: "direct main"
    description:
      name: fluttertoast
      sha256: "2f9c4d3f4836421f7067a28f8939814597b27614e021da9d63e5d3fb6e212d25"
      url: "https://pub.dev"
    source: hosted
    version: "8.2.1"
  font_awesome_flutter:
    dependency: "direct main"
    description:
      name: font_awesome_flutter
      sha256: "959ef4add147753f990b4a7c6cccb746d5792dbdc81b1cde99e62e7edb31b206"
      url: "https://pub.dev"
    source: hosted
    version: "10.4.0"
  geocoding:
    dependency: transitive
    description:
      name: geocoding
      sha256: b34c0501bbbaf3190b85bef3078b27cf66c28a8915c6d3af50d67f356aa7da31
      url: "https://pub.dev"
    source: hosted
    version: "2.1.0"
  geocoding_android:
    dependency: transitive
    description:
      name: geocoding_android
      sha256: "5a1fc0cec9b0497b44ca31c1fa8d1c891f3aded1053e6bb2eac075d3bd1bf046"
      url: "https://pub.dev"
    source: hosted
    version: "2.1.0"
  geocoding_ios:
    dependency: transitive
    description:
      name: geocoding_ios
      sha256: c85495ce8fb34e4fbd2dd8fc5f79263d622d9f88c4af948c965daf6b27a7f3a1
      url: "https://pub.dev"
    source: hosted
    version: "2.1.0"
  geocoding_platform_interface:
    dependency: transitive
    description:
      name: geocoding_platform_interface
      sha256: "8848605d307d844d89937cdb4b8ad7dfa880552078f310fa24d8a460f6dddab4"
      url: "https://pub.dev"
    source: hosted
    version: "2.0.1"
  geolocator:
    dependency: "direct main"
    description:
      name: geolocator
      sha256: "5c23f3613f50586c0bbb2b8f970240ae66b3bd992088cf60dd5ee2e6f7dde3a8"
      url: "https://pub.dev"
    source: hosted
    version: "9.0.2"
  geolocator_android:
    dependency: transitive
    description:
      name: geolocator_android
      sha256: "2ba24690aee0a3e1b6b7bd47c2711a50c874e95e4c758346589d35194adf6d6a"
      url: "https://pub.dev"
    source: hosted
    version: "4.1.7"
  geolocator_apple:
    dependency: transitive
    description:
      name: geolocator_apple
      sha256: "22b60ca3b8c0f58e6a9688ff855ee39ab813ca3f0c0609a48d282f6631266f2e"
      url: "https://pub.dev"
    source: hosted
    version: "2.2.5"
  geolocator_platform_interface:
    dependency: transitive
    description:
      name: geolocator_platform_interface
      sha256: af4d69231452f9620718588f41acc4cb58312368716bfff2e92e770b46ce6386
      url: "https://pub.dev"
    source: hosted
    version: "4.0.7"
  geolocator_web:
    dependency: transitive
    description:
      name: geolocator_web
      sha256: f68a122da48fcfff68bbc9846bb0b74ef651afe84a1b1f6ec20939de4d6860e1
      url: "https://pub.dev"
    source: hosted
    version: "2.1.6"
  geolocator_windows:
    dependency: transitive
    description:
      name: geolocator_windows
      sha256: f5911c88e23f48b598dd506c7c19eff0e001645bdc03bb6fecb9f4549208354d
      url: "https://pub.dev"
    source: hosted
    version: "0.1.1"
  http:
    dependency: "direct main"
    description:
      name: http
      sha256: "6aa2946395183537c8b880962d935877325d6a09a2867c3970c05c0fed6ac482"
      url: "https://pub.dev"
    source: hosted
    version: "0.13.5"
  http_parser:
    dependency: transitive
    description:
      name: http_parser
      sha256: "2aa08ce0341cc9b354a498388e30986515406668dbcc4f7c950c3e715496693b"
      url: "https://pub.dev"
    source: hosted
    version: "4.0.2"
  image_picker:
    dependency: "direct main"
    description:
      name: image_picker
      sha256: "3da954c3b8906d82ecb50fd5e2b5401758f06d5678904eed6cbc06172283a263"
      url: "https://pub.dev"
    source: hosted
    version: "0.8.7+4"
  image_picker_android:
    dependency: transitive
    description:
      name: image_picker_android
      sha256: "7d2b25e0aec884495d782bb60cd09f779a92370035374c5ec622d09782ac68fe"
      url: "https://pub.dev"
    source: hosted
    version: "0.8.6+10"
  image_picker_for_web:
    dependency: transitive
    description:
      name: image_picker_for_web
      sha256: "98f50d6b9f294c8ba35e25cc0d13b04bfddd25dbc8d32fa9d566a6572f2c081c"
      url: "https://pub.dev"
    source: hosted
    version: "2.1.12"
  image_picker_ios:
    dependency: transitive
    description:
      name: image_picker_ios
      sha256: a1546ff5861fc15812953d4733b520c3d371cec3d2859a001ff04c46c4d81883
      url: "https://pub.dev"
    source: hosted
    version: "0.8.7+3"
  image_picker_platform_interface:
    dependency: transitive
    description:
      name: image_picker_platform_interface
      sha256: "1991219d9dbc42a99aff77e663af8ca51ced592cd6685c9485e3458302d3d4f8"
      url: "https://pub.dev"
    source: hosted
    version: "2.6.3"
  intersperse:
    dependency: transitive
    description:
      name: intersperse
      sha256: "2f8a905c96f6cbba978644a3d5b31b8d86ddc44917662df7d27a61f3df66a576"
      url: "https://pub.dev"
    source: hosted
    version: "2.0.0"
  intl:
    dependency: "direct main"
    description:
      name: intl
      sha256: "910f85bce16fb5c6f614e117efa303e85a1731bb0081edf3604a2ae6e9a3cc91"
      url: "https://pub.dev"
    source: hosted
    version: "0.17.0"
  js:
    dependency: transitive
    description:
      name: js
      sha256: "5528c2f391ededb7775ec1daa69e65a2d61276f7552de2b5f7b8d34ee9fd4ab7"
      url: "https://pub.dev"
    source: hosted
    version: "0.6.5"
  json_annotation:
    dependency: transitive
    description:
      name: json_annotation
      sha256: c33da08e136c3df0190bd5bbe51ae1df4a7d96e7954d1d7249fea2968a72d317
      url: "https://pub.dev"
    source: hosted
    version: "4.8.0"
  kakao_flutter_sdk_auth:
    dependency: transitive
    description:
      name: kakao_flutter_sdk_auth
      sha256: "94e79fe85282ac99e146a08eccbddfc5fbb5690033e97c13146d2dc8521d6e35"
      url: "https://pub.dev"
    source: hosted
    version: "1.4.2"
  kakao_flutter_sdk_common:
    dependency: transitive
    description:
      name: kakao_flutter_sdk_common
      sha256: "76eccd72a4e94db9c6be69b670477528d958d2bf38f50a2158dfd306640c7abf"
      url: "https://pub.dev"
    source: hosted
    version: "1.4.2"
  kakao_flutter_sdk_user:
    dependency: "direct main"
    description:
      name: kakao_flutter_sdk_user
      sha256: "168bff0eb2742a352cbf3b64c60dff88deb89d959cf7375ea3e0e8416ab138e4"
      url: "https://pub.dev"
    source: hosted
    version: "1.4.2"
  kakaomap_webview:
    dependency: "direct main"
    description:
      name: kakaomap_webview
      sha256: bb23f6fcb9a23fee46373b9f55a9c660a0e163e96d2ecf5dea443366e7ac7215
      url: "https://pub.dev"
    source: hosted
    version: "0.6.2"
  kpostal:
    dependency: "direct main"
    description:
      name: kpostal
      sha256: "5036bc08669c367357a56ea1f8888fc264fd99872ac005c4b9a7a4acd5fb07b9"
      url: "https://pub.dev"
    source: hosted
    version: "0.5.1"
  lints:
    dependency: transitive
    description:
      name: lints
      sha256: "5e4a9cd06d447758280a8ac2405101e0e2094d2a1dbdd3756aec3fe7775ba593"
      url: "https://pub.dev"
    source: hosted
    version: "2.0.1"
  macos_ui:
    dependency: transitive
    description:
      name: macos_ui
      sha256: "57208eec8180656acd379e1c754e9b6d8830f32a020b94571ae2188f8112075b"
      url: "https://pub.dev"
    source: hosted
    version: "1.12.2"
  matcher:
    dependency: transitive
    description:
      name: matcher
      sha256: "16db949ceee371e9b99d22f88fa3a73c4e59fd0afed0bd25fc336eb76c198b72"
      url: "https://pub.dev"
    source: hosted
    version: "0.12.13"
  material_color_utilities:
    dependency: transitive
    description:
      name: material_color_utilities
      sha256: d92141dc6fe1dad30722f9aa826c7fbc896d021d792f80678280601aff8cf724
      url: "https://pub.dev"
    source: hosted
    version: "0.2.0"
  meta:
    dependency: transitive
    description:
      name: meta
      sha256: "6c268b42ed578a53088d834796959e4a1814b5e9e164f147f580a386e5decf42"
      url: "https://pub.dev"
    source: hosted
    version: "1.8.0"
  nested:
    dependency: transitive
    description:
      name: nested
      sha256: "03bac4c528c64c95c722ec99280375a6f2fc708eec17c7b3f07253b626cd2a20"
      url: "https://pub.dev"
    source: hosted
    version: "1.0.0"
  ntp:
    dependency: "direct main"
    description:
      name: ntp
      sha256: "198db73e5059b334b50dbe8c626011c26576778ee9fc53f4c55c1d89d08ed2d2"
      url: "https://pub.dev"
    source: hosted
    version: "2.0.0"
  path:
    dependency: transitive
    description:
      name: path
      sha256: db9d4f58c908a4ba5953fcee2ae317c94889433e5024c27ce74a37f94267945b
      url: "https://pub.dev"
    source: hosted
    version: "1.8.2"
  path_provider_linux:
    dependency: transitive
    description:
      name: path_provider_linux
      sha256: "2ae08f2216225427e64ad224a24354221c2c7907e448e6e0e8b57b1eb9f10ad1"
      url: "https://pub.dev"
    source: hosted
    version: "2.1.10"
  path_provider_platform_interface:
    dependency: transitive
    description:
      name: path_provider_platform_interface
      sha256: "57585299a729335f1298b43245842678cb9f43a6310351b18fb577d6e33165ec"
      url: "https://pub.dev"
    source: hosted
    version: "2.0.6"
  path_provider_windows:
    dependency: transitive
    description:
      name: path_provider_windows
      sha256: d3f80b32e83ec208ac95253e0cd4d298e104fbc63cb29c5c69edaed43b0c69d6
      url: "https://pub.dev"
    source: hosted
    version: "2.1.6"
  platform:
    dependency: transitive
    description:
      name: platform
      sha256: "4a451831508d7d6ca779f7ac6e212b4023dd5a7d08a27a63da33756410e32b76"
      url: "https://pub.dev"
    source: hosted
    version: "3.1.0"
  plugin_platform_interface:
    dependency: transitive
    description:
      name: plugin_platform_interface
      sha256: "6a2128648c854906c53fa8e33986fc0247a1116122f9534dd20e3ab9e16a32bc"
      url: "https://pub.dev"
    source: hosted
    version: "2.1.4"
  pointycastle:
    dependency: transitive
    description:
      name: pointycastle
      sha256: "7c1e5f0d23c9016c5bbd8b1473d0d3fb3fc851b876046039509e18e0c7485f2c"
      url: "https://pub.dev"
    source: hosted
    version: "3.7.3"
  process:
    dependency: transitive
    description:
      name: process
      sha256: "53fd8db9cec1d37b0574e12f07520d582019cb6c44abf5479a01505099a34a09"
      url: "https://pub.dev"
    source: hosted
    version: "4.2.4"
  provider:
    dependency: "direct main"
    description:
      name: provider
      sha256: cdbe7530b12ecd9eb455bdaa2fcb8d4dad22e80b8afb4798b41479d5ce26847f
      url: "https://pub.dev"
    source: hosted
    version: "6.0.5"
  shared_preferences:
    dependency: transitive
    description:
      name: shared_preferences
      sha256: "858aaa72d8f61637d64e776aca82e1c67e6d9ee07979123c5d17115031c1b13b"
      url: "https://pub.dev"
    source: hosted
    version: "2.1.0"
  shared_preferences_android:
    dependency: transitive
    description:
      name: shared_preferences_android
      sha256: "6478c6bbbecfe9aced34c483171e90d7c078f5883558b30ec3163cf18402c749"
      url: "https://pub.dev"
    source: hosted
    version: "2.1.4"
  shared_preferences_foundation:
    dependency: transitive
    description:
      name: shared_preferences_foundation
      sha256: "0c1c16c56c9708aa9c361541a6f0e5cc6fc12a3232d866a687a7b7db30032b07"
      url: "https://pub.dev"
    source: hosted
    version: "2.2.1"
  shared_preferences_linux:
    dependency: transitive
    description:
      name: shared_preferences_linux
      sha256: "9d387433ca65717bbf1be88f4d5bb18f10508917a8fa2fb02e0fd0d7479a9afa"
      url: "https://pub.dev"
    source: hosted
    version: "2.2.0"
  shared_preferences_platform_interface:
    dependency: transitive
    description:
      name: shared_preferences_platform_interface
      sha256: fb5cf25c0235df2d0640ac1b1174f6466bd311f621574997ac59018a6664548d
      url: "https://pub.dev"
    source: hosted
    version: "2.2.0"
  shared_preferences_web:
    dependency: transitive
    description:
      name: shared_preferences_web
      sha256: "74083203a8eae241e0de4a0d597dbedab3b8fef5563f33cf3c12d7e93c655ca5"
      url: "https://pub.dev"
    source: hosted
    version: "2.1.0"
  shared_preferences_windows:
    dependency: transitive
    description:
      name: shared_preferences_windows
      sha256: "5e588e2efef56916a3b229c3bfe81e6a525665a454519ca51dbcc4236a274173"
      url: "https://pub.dev"
    source: hosted
    version: "2.2.0"
  sky_engine:
    dependency: transitive
    description: flutter
    source: sdk
    version: "0.0.99"
  smooth_page_indicator:
    dependency: "direct main"
    description:
      name: smooth_page_indicator
      sha256: "725bc638d5e79df0c84658e1291449996943f93bacbc2cec49963dbbab48d8ae"
      url: "https://pub.dev"
    source: hosted
    version: "1.1.0"
  source_span:
    dependency: transitive
    description:
      name: source_span
      sha256: dd904f795d4b4f3b870833847c461801f6750a9fa8e61ea5ac53f9422b31f250
      url: "https://pub.dev"
    source: hosted
    version: "1.9.1"
  stack_trace:
    dependency: transitive
    description:
      name: stack_trace
      sha256: c3c7d8edb15bee7f0f74debd4b9c5f3c2ea86766fe4178eb2a18eb30a0bdaed5
      url: "https://pub.dev"
    source: hosted
    version: "1.11.0"
  stream_channel:
    dependency: transitive
    description:
      name: stream_channel
      sha256: "83615bee9045c1d322bbbd1ba209b7a749c2cbcdcb3fdd1df8eb488b3279c1c8"
      url: "https://pub.dev"
    source: hosted
    version: "2.1.1"
  string_scanner:
    dependency: transitive
    description:
      name: string_scanner
      sha256: "556692adab6cfa87322a115640c11f13cb77b3f076ddcc5d6ae3c20242bedcde"
      url: "https://pub.dev"
    source: hosted
    version: "1.2.0"
  stylish_bottom_bar:
    dependency: "direct main"
    description:
      name: stylish_bottom_bar
      sha256: "24aab3e66a3e16b4fe786d4efb87b4111c94d75964b03c7a6dd17174c56d710c"
      url: "https://pub.dev"
    source: hosted
    version: "1.0.0"
  syncfusion_flutter_core:
    dependency: transitive
    description:
      name: syncfusion_flutter_core
      sha256: "3979f0b1c5a97422cadae52d476c21fa3e0fb671ef51de6cae1d646d8b99fe1f"
      url: "https://pub.dev"
    source: hosted
    version: "20.4.54"
  syncfusion_flutter_sliders:
    dependency: "direct main"
    description:
      name: syncfusion_flutter_sliders
      sha256: "13a3931ef2d61b94442ce1c7745702f143f2866e3c9b71cb99e08667dba0b327"
      url: "https://pub.dev"
    source: hosted
    version: "20.4.54"
  term_glyph:
    dependency: transitive
    description:
      name: term_glyph
      sha256: a29248a84fbb7c79282b40b8c72a1209db169a2e0542bce341da992fe1bc7e84
      url: "https://pub.dev"
    source: hosted
    version: "1.2.1"
  test_api:
    dependency: transitive
    description:
      name: test_api
      sha256: ad540f65f92caa91bf21dfc8ffb8c589d6e4dc0c2267818b4cc2792857706206
      url: "https://pub.dev"
    source: hosted
    version: "0.4.16"
  textfields:
    dependency: "direct main"
    description:
      name: textfields
      sha256: beec9af133d41846ed4bc4ae8cd2f281fc42bf66464a7ef11e34caa7f5a2ac28
      url: "https://pub.dev"
    source: hosted
    version: "0.0.3"
  transformer_page_view:
    dependency: transitive
    description:
      name: transformer_page_view
      sha256: "2210531bc4148831061c575070173f32693415be8bbbf5bd2159a38f2adff61c"
      url: "https://pub.dev"
    source: hosted
    version: "0.1.6"
  typed_data:
    dependency: transitive
    description:
      name: typed_data
      sha256: "26f87ade979c47a150c9eaab93ccd2bebe70a27dc0b4b29517f2904f04eb11a5"
      url: "https://pub.dev"
    source: hosted
    version: "1.3.1"
  vector_math:
    dependency: transitive
    description:
      name: vector_math
      sha256: "80b3257d1492ce4d091729e3a67a60407d227c27241d6927be0130c98e741803"
      url: "https://pub.dev"
    source: hosted
    version: "2.1.4"
  webview_flutter:
    dependency: "direct main"
    description:
      name: webview_flutter
      sha256: "392c1d83b70fe2495de3ea2c84531268d5b8de2de3f01086a53334d8b6030a88"
      url: "https://pub.dev"
    source: hosted
    version: "3.0.4"
  webview_flutter_android:
    dependency: transitive
    description:
      name: webview_flutter_android
      sha256: "8b3b2450e98876c70bfcead876d9390573b34b9418c19e28168b74f6cb252dbd"
      url: "https://pub.dev"
    source: hosted
    version: "2.10.4"
  webview_flutter_platform_interface:
    dependency: transitive
    description:
      name: webview_flutter_platform_interface
      sha256: "812165e4e34ca677bdfbfa58c01e33b27fd03ab5fa75b70832d4b7d4ca1fa8cf"
      url: "https://pub.dev"
    source: hosted
    version: "1.9.5"
  webview_flutter_wkwebview:
    dependency: transitive
    description:
      name: webview_flutter_wkwebview
      sha256: a5364369c758892aa487cbf59ea41d9edd10f9d9baf06a94e80f1bd1b4c7bbc0
      url: "https://pub.dev"
    source: hosted
    version: "2.9.5"
  win32:
    dependency: transitive
    description:
      name: win32
      sha256: dd8f9344bc305ae2923e3d11a2a911d9a4e2c7dd6fe0ed10626d63211a69676e
      url: "https://pub.dev"
    source: hosted
    version: "4.1.3"
  xdg_directories:
    dependency: transitive
    description:
      name: xdg_directories
      sha256: ee1505df1426458f7f60aac270645098d318a8b4766d85fde75f76f2e21807d1
      url: "https://pub.dev"
    source: hosted
    version: "1.0.0"
sdks:
  dart: ">=2.18.2 <3.0.0"
  flutter: ">=3.4.0-17.0.pre"
